
Microsoft Visual Studio Solution File, Format Version 12.00
# Visual Studio Version 17
VisualStudioVersion = 17.3.32929.385
MinimumVisualStudioVersion = 10.0.40219.1
Project("{FAE04EC0-301F-11D3-BF4B-00C04F79EFBC}") = "GradientowyFiltrKierunkowyWschodni", "JaProjektFiltr\GradientowyFiltrKierunkowyWschodni.csproj", "{2EF106E8-1CFB-4AE1-946F-7929FB13DCF4}"
	ProjectSection(ProjectDependencies) = postProject
		{0DEA660A-6920-4B76-89DE-E22AAC045A16} = {0DEA660A-6920-4B76-89DE-E22AAC045A16}
	EndProjectSection
EndProject
Project("{8BC9CEB8-8B4A-11D0-8D11-00A0C91BC942}") = "AsmProjekt", "AsmProjekt\FiltrAsm.vcxproj", "{0DEA660A-6920-4B76-89DE-E22AAC045A16}"
EndProject
Project("{8BC9CEB8-8B4A-11D0-8D11-00A0C91BC942}") = "CppProjekt", "CppProjekt\CppProjekt.vcxproj", "{D4FFC2B3-BF9C-4EEC-A363-2BA61223CDA6}"
EndProject
Global
	GlobalSection(SolutionConfigurationPlatforms) = preSolution
		Debug|Any CPU = Debug|Any CPU
		Debug|x64 = Debug|x64
		Debug|x86 = Debug|x86
		Release|Any CPU = Release|Any CPU
		Release|x64 = Release|x64
		Release|x86 = Release|x86
	EndGlobalSection
	GlobalSection(ProjectConfigurationPlatforms) = postSolution
		{2EF106E8-1CFB-4AE1-946F-7929FB13DCF4}.Debug|Any CPU.ActiveCfg = Debug|x64
		{2EF106E8-1CFB-4AE1-946F-7929FB13DCF4}.Debug|Any CPU.Build.0 = Debug|x64
		{2EF106E8-1CFB-4AE1-946F-7929FB13DCF4}.Debug|x64.ActiveCfg = Debug|x64
		{2EF106E8-1CFB-4AE1-946F-7929FB13DCF4}.Debug|x64.Build.0 = Debug|x64
		{2EF106E8-1CFB-4AE1-946F-7929FB13DCF4}.Debug|x86.ActiveCfg = Debug|Any CPU
		{2EF106E8-1CFB-4AE1-946F-7929FB13DCF4}.Debug|x86.Build.0 = Debug|Any CPU
		{2EF106E8-1CFB-4AE1-946F-7929FB13DCF4}.Release|Any CPU.ActiveCfg = Release|Any CPU
		{2EF106E8-1CFB-4AE1-946F-7929FB13DCF4}.Release|Any CPU.Build.0 = Release|Any CPU
		{2EF106E8-1CFB-4AE1-946F-7929FB13DCF4}.Release|x64.ActiveCfg = Release|Any CPU
		{2EF106E8-1CFB-4AE1-946F-7929FB13DCF4}.Release|x64.Build.0 = Release|Any CPU
		{2EF106E8-1CFB-4AE1-946F-7929FB13DCF4}.Release|x86.ActiveCfg = Release|Any CPU
		{2EF106E8-1CFB-4AE1-946F-7929FB13DCF4}.Release|x86.Build.0 = Release|Any CPU
		{0DEA660A-6920-4B76-89DE-E22AAC045A16}.Debug|Any CPU.ActiveCfg = Debug|x64
		{0DEA660A-6920-4B76-89DE-E22AAC045A16}.Debug|Any CPU.Build.0 = Debug|x64
		{0DEA660A-6920-4B76-89DE-E22AAC045A16}.Debug|x64.ActiveCfg = Debug|x64
		{0DEA660A-6920-4B76-89DE-E22AAC045A16}.Debug|x64.Build.0 = Debug|x64
		{0DEA660A-6920-4B76-89DE-E22AAC045A16}.Debug|x86.ActiveCfg = Debug|Win32
		{0DEA660A-6920-4B76-89DE-E22AAC045A16}.Debug|x86.Build.0 = Debug|Win32
		{0DEA660A-6920-4B76-89DE-E22AAC045A16}.Release|Any CPU.ActiveCfg = Release|x64
		{0DEA660A-6920-4B76-89DE-E22AAC045A16}.Release|Any CPU.Build.0 = Release|x64
		{0DEA660A-6920-4B76-89DE-E22AAC045A16}.Release|x64.ActiveCfg = Release|x64
		{0DEA660A-6920-4B76-89DE-E22AAC045A16}.Release|x64.Build.0 = Release|x64
		{0DEA660A-6920-4B76-89DE-E22AAC045A16}.Release|x86.ActiveCfg = Release|Win32
		{0DEA660A-6920-4B76-89DE-E22AAC045A16}.Release|x86.Build.0 = Release|Win32
		{D4FFC2B3-BF9C-4EEC-A363-2BA61223CDA6}.Debug|Any CPU.ActiveCfg = Debug|x64
		{D4FFC2B3-BF9C-4EEC-A363-2BA61223CDA6}.Debug|Any CPU.Build.0 = Debug|x64
		{D4FFC2B3-BF9C-4EEC-A363-2BA61223CDA6}.Debug|x64.ActiveCfg = Debug|x64
		{D4FFC2B3-BF9C-4EEC-A363-2BA61223CDA6}.Debug|x64.Build.0 = Debug|x64
		{D4FFC2B3-BF9C-4EEC-A363-2BA61223CDA6}.Debug|x86.ActiveCfg = Debug|Win32
		{D4FFC2B3-BF9C-4EEC-A363-2BA61223CDA6}.Debug|x86.Build.0 = Debug|Win32
		{D4FFC2B3-BF9C-4EEC-A363-2BA61223CDA6}.Release|Any CPU.ActiveCfg = Release|x64
		{D4FFC2B3-BF9C-4EEC-A363-2BA61223CDA6}.Release|Any CPU.Build.0 = Release|x64
		{D4FFC2B3-BF9C-4EEC-A363-2BA61223CDA6}.Release|x64.ActiveCfg = Release|x64
		{D4FFC2B3-BF9C-4EEC-A363-2BA61223CDA6}.Release|x64.Build.0 = Release|x64
		{D4FFC2B3-BF9C-4EEC-A363-2BA61223CDA6}.Release|x86.ActiveCfg = Release|Win32
		{D4FFC2B3-BF9C-4EEC-A363-2BA61223CDA6}.Release|x86.Build.0 = Release|Win32
	EndGlobalSection
	GlobalSection(SolutionProperties) = preSolution
		HideSolutionNode = FALSE
	EndGlobalSection
	GlobalSection(ExtensibilityGlobals) = postSolution
		SolutionGuid = {38EF24CD-B5A3-46A8-A054-D75F2BBFC9D9}
	EndGlobalSection
EndGlobal
